
Microsoft Visual Studio Solution File, Format Version 10.00
# Visual Studio 2008
Project("{8BC9CEB8-8B4A-11D0-8D11-00A0C91BC942}") = "HostStatusChecker_single", "HostStatusChecker_single\HostStatusChecker_single.vcproj", "{7F86A910-8AFC-45CC-AF43-56AF3CA65EE3}"
EndProject
Project("{8BC9CEB8-8B4A-11D0-8D11-00A0C91BC942}") = "HostStatusChecker_multi", "HostStatusChecker_multi\HostStatusChecker_multi.vcproj", "{4073BDBC-F8B3-4B4B-8E12-EEBB2DF16EB3}"
EndProject
Global
	GlobalSection(SolutionConfigurationPlatforms) = preSolution
		Debug|Win32 = Debug|Win32
		Release|Win32 = Release|Win32
	EndGlobalSection
	GlobalSection(ProjectConfigurationPlatforms) = postSolution
		{7F86A910-8AFC-45CC-AF43-56AF3CA65EE3}.Debug|Win32.ActiveCfg = Debug|Win32
		{7F86A910-8AFC-45CC-AF43-56AF3CA65EE3}.Debug|Win32.Build.0 = Debug|Win32
		{7F86A910-8AFC-45CC-AF43-56AF3CA65EE3}.Release|Win32.ActiveCfg = Release|Win32
		{7F86A910-8AFC-45CC-AF43-56AF3CA65EE3}.Release|Win32.Build.0 = Release|Win32
		{4073BDBC-F8B3-4B4B-8E12-EEBB2DF16EB3}.Debug|Win32.ActiveCfg = Debug|Win32
		{4073BDBC-F8B3-4B4B-8E12-EEBB2DF16EB3}.Debug|Win32.Build.0 = Debug|Win32
		{4073BDBC-F8B3-4B4B-8E12-EEBB2DF16EB3}.Release|Win32.ActiveCfg = Release|Win32
		{4073BDBC-F8B3-4B4B-8E12-EEBB2DF16EB3}.Release|Win32.Build.0 = Release|Win32
	EndGlobalSection
	GlobalSection(SolutionProperties) = preSolution
		HideSolutionNode = FALSE
	EndGlobalSection
EndGlobal
